
Microsoft Visual Studio Solution File, Format Version 12.00
# Visual Studio 15
VisualStudioVersion = 15.0.27130.2027
MinimumVisualStudioVersion = 10.0.40219.1
Project("{FAE04EC0-301F-11D3-BF4B-00C04F79EFBC}") = "TransactionsManagerIdentityServer", "src\TransactionsManagerIdentityServer\TransactionsManagerIdentityServer.csproj", "{1CF0DFCF-7D9B-4113-B548-255E30BB518F}"
EndProject
Global
	GlobalSection(SolutionConfigurationPlatforms) = preSolution
		Debug|Any CPU = Debug|Any CPU
		Release|Any CPU = Release|Any CPU
	EndGlobalSection
	GlobalSection(ProjectConfigurationPlatforms) = postSolution
		{1CF0DFCF-7D9B-4113-B548-255E30BB518F}.Debug|Any CPU.ActiveCfg = Debug|Any CPU
		{1CF0DFCF-7D9B-4113-B548-255E30BB518F}.Debug|Any CPU.Build.0 = Debug|Any CPU
		{1CF0DFCF-7D9B-4113-B548-255E30BB518F}.Release|Any CPU.ActiveCfg = Release|Any CPU
		{1CF0DFCF-7D9B-4113-B548-255E30BB518F}.Release|Any CPU.Build.0 = Release|Any CPU
	EndGlobalSection
	GlobalSection(SolutionProperties) = preSolution
		HideSolutionNode = FALSE
	EndGlobalSection
	GlobalSection(ExtensibilityGlobals) = postSolution
		SolutionGuid = {C50350FE-823A-4D21-B54D-6BE2FCA5EEB7}
	EndGlobalSection
EndGlobal
